#MicroXplorer Configuration settings - do not modify
Bdma.Request0=SPI6_TX
Bdma.RequestsNb=1
Bdma.SPI6_TX.0.Direction=DMA_MEMORY_TO_PERIPH
Bdma.SPI6_TX.0.EventEnable=DISABLE
Bdma.SPI6_TX.0.Instance=BDMA_Channel0
Bdma.SPI6_TX.0.MemDataAlignment=DMA_MDATAALIGN_BYTE
Bdma.SPI6_TX.0.MemInc=DMA_MINC_ENABLE
Bdma.SPI6_TX.0.Mode=DMA_NORMAL
Bdma.SPI6_TX.0.PeriphDataAlignment=DMA_PDATAALIGN_BYTE
Bdma.SPI6_TX.0.PeriphInc=DMA_PINC_DISABLE
Bdma.SPI6_TX.0.Polarity=HAL_DMAMUX_REQ_GEN_RISING
Bdma.SPI6_TX.0.Priority=DMA_PRIORITY_HIGH
Bdma.SPI6_TX.0.RequestNumber=1
Bdma.SPI6_TX.0.RequestParameters=Instance,Direction,PeriphInc,MemInc,PeriphDataAlignment,MemDataAlignment,Mode,Priority,SignalID,Polarity,RequestNumber,SyncSignalID,SyncPolarity,SyncEnable,EventEnable,SyncRequestNumber
Bdma.SPI6_TX.0.SignalID=NONE
Bdma.SPI6_TX.0.SyncEnable=DISABLE
Bdma.SPI6_TX.0.SyncPolarity=HAL_DMAMUX_SYNC_NO_EVENT
Bdma.SPI6_TX.0.SyncRequestNumber=1
Bdma.SPI6_TX.0.SyncSignalID=NONE
CAD.formats=
CAD.pinconfig=
CAD.provider=
CORTEX_M7.IPParameters=default_mode_Activation
CORTEX_M7.default_mode_Activation=1
Dma.Request0=USART1_RX
Dma.Request1=UART5_RX
Dma.RequestsNb=2
Dma.UART5_RX.1.Direction=DMA_PERIPH_TO_MEMORY
Dma.UART5_RX.1.EventEnable=DISABLE
Dma.UART5_RX.1.FIFOMode=DMA_FIFOMODE_DISABLE
Dma.UART5_RX.1.Instance=DMA1_Stream2
Dma.UART5_RX.1.MemDataAlignment=DMA_MDATAALIGN_BYTE
Dma.UART5_RX.1.MemInc=DMA_MINC_ENABLE
Dma.UART5_RX.1.Mode=DMA_CIRCULAR
Dma.UART5_RX.1.PeriphDataAlignment=DMA_PDATAALIGN_BYTE
Dma.UART5_RX.1.PeriphInc=DMA_PINC_DISABLE
Dma.UART5_RX.1.Polarity=HAL_DMAMUX_REQ_GEN_RISING
Dma.UART5_RX.1.Priority=DMA_PRIORITY_VERY_HIGH
Dma.UART5_RX.1.RequestNumber=1
Dma.UART5_RX.1.RequestParameters=Instance,Direction,PeriphInc,MemInc,PeriphDataAlignment,MemDataAlignment,Mode,Priority,FIFOMode,SignalID,Polarity,RequestNumber,SyncSignalID,SyncPolarity,SyncEnable,EventEnable,SyncRequestNumber
Dma.UART5_RX.1.SignalID=NONE
Dma.UART5_RX.1.SyncEnable=DISABLE
Dma.UART5_RX.1.SyncPolarity=HAL_DMAMUX_SYNC_NO_EVENT
Dma.UART5_RX.1.SyncRequestNumber=1
Dma.UART5_RX.1.SyncSignalID=NONE
Dma.USART1_RX.0.Direction=DMA_PERIPH_TO_MEMORY
Dma.USART1_RX.0.EventEnable=DISABLE
Dma.USART1_RX.0.FIFOMode=DMA_FIFOMODE_DISABLE
Dma.USART1_RX.0.Instance=DMA1_Stream0
Dma.USART1_RX.0.MemDataAlignment=DMA_MDATAALIGN_BYTE
Dma.USART1_RX.0.MemInc=DMA_MINC_ENABLE
Dma.USART1_RX.0.Mode=DMA_NORMAL
Dma.USART1_RX.0.PeriphDataAlignment=DMA_PDATAALIGN_BYTE
Dma.USART1_RX.0.PeriphInc=DMA_PINC_DISABLE
Dma.USART1_RX.0.Polarity=HAL_DMAMUX_REQ_GEN_RISING
Dma.USART1_RX.0.Priority=DMA_PRIORITY_LOW
Dma.USART1_RX.0.RequestNumber=1
Dma.USART1_RX.0.RequestParameters=Instance,Direction,PeriphInc,MemInc,PeriphDataAlignment,MemDataAlignment,Mode,Priority,FIFOMode,SignalID,Polarity,RequestNumber,SyncSignalID,SyncPolarity,SyncEnable,EventEnable,SyncRequestNumber
Dma.USART1_RX.0.SignalID=NONE
Dma.USART1_RX.0.SyncEnable=DISABLE
Dma.USART1_RX.0.SyncPolarity=HAL_DMAMUX_SYNC_NO_EVENT
Dma.USART1_RX.0.SyncRequestNumber=1
Dma.USART1_RX.0.SyncSignalID=NONE
FDCAN1.AutoRetransmission=ENABLE
FDCAN1.CalculateBaudRateNominal=1000000
FDCAN1.CalculateTimeBitNominal=1000
FDCAN1.CalculateTimeQuantumNominal=12.5
FDCAN1.DataSyncJumpWidth=2
FDCAN1.DataTimeSeg1=13
FDCAN1.DataTimeSeg2=2
FDCAN1.ExtFiltersNbr=4
FDCAN1.IPParameters=CalculateTimeQuantumNominal,CalculateTimeBitNominal,CalculateBaudRateNominal,AutoRetransmission,ProtocolException,NominalSyncJumpWidth,DataSyncJumpWidth,DataTimeSeg1,DataTimeSeg2,StdFiltersNbr,ExtFiltersNbr,RxFifo0ElmtsNbr,RxFifo1ElmtsNbr,RxBuffersNbr,TxEventsNbr,TxBuffersNbr,TxFifoQueueElmtsNbr,NominalPrescaler,NominalTimeSeg1,NominalTimeSeg2
FDCAN1.NominalPrescaler=1
FDCAN1.NominalSyncJumpWidth=20
FDCAN1.NominalTimeSeg1=59
FDCAN1.NominalTimeSeg2=20
FDCAN1.ProtocolException=ENABLE
FDCAN1.RxBuffersNbr=2
FDCAN1.RxFifo0ElmtsNbr=8
FDCAN1.RxFifo1ElmtsNbr=8
FDCAN1.StdFiltersNbr=4
FDCAN1.TxBuffersNbr=8
FDCAN1.TxEventsNbr=8
FDCAN1.TxFifoQueueElmtsNbr=8
FDCAN2.AutoRetransmission=ENABLE
FDCAN2.CalculateBaudRateNominal=1000000
FDCAN2.CalculateTimeBitNominal=1000
FDCAN2.CalculateTimeQuantumNominal=12.5
FDCAN2.DataSyncJumpWidth=2
FDCAN2.DataTimeSeg1=13
FDCAN2.DataTimeSeg2=2
FDCAN2.ExtFiltersNbr=4
FDCAN2.IPParameters=CalculateTimeQuantumNominal,CalculateTimeBitNominal,CalculateBaudRateNominal,AutoRetransmission,ProtocolException,NominalSyncJumpWidth,DataSyncJumpWidth,DataTimeSeg1,MessageRAMOffset,StdFiltersNbr,ExtFiltersNbr,RxFifo0ElmtsNbr,RxBuffersNbr,RxFifo1ElmtsNbr,TxEventsNbr,TxBuffersNbr,TxFifoQueueElmtsNbr,NominalPrescaler,NominalTimeSeg1,NominalTimeSeg2,DataTimeSeg2
FDCAN2.MessageRAMOffset=0x406
FDCAN2.NominalPrescaler=1
FDCAN2.NominalSyncJumpWidth=20
FDCAN2.NominalTimeSeg1=59
FDCAN2.NominalTimeSeg2=20
FDCAN2.ProtocolException=ENABLE
FDCAN2.RxBuffersNbr=2
FDCAN2.RxFifo0ElmtsNbr=8
FDCAN2.RxFifo1ElmtsNbr=8
FDCAN2.StdFiltersNbr=4
FDCAN2.TxBuffersNbr=8
FDCAN2.TxEventsNbr=8
FDCAN2.TxFifoQueueElmtsNbr=8
FDCAN3.AutoRetransmission=ENABLE
FDCAN3.CalculateBaudRateNominal=1000000
FDCAN3.CalculateTimeBitNominal=1000
FDCAN3.CalculateTimeQuantumNominal=12.5
FDCAN3.DataSyncJumpWidth=2
FDCAN3.DataTimeSeg1=13
FDCAN3.DataTimeSeg2=2
FDCAN3.ExtFiltersNbr=4
FDCAN3.IPParameters=CalculateTimeQuantumNominal,CalculateTimeBitNominal,CalculateBaudRateNominal,NominalSyncJumpWidth,DataSyncJumpWidth,DataTimeSeg1,DataTimeSeg2,MessageRAMOffset,StdFiltersNbr,ExtFiltersNbr,RxFifo0ElmtsNbr,RxFifo1ElmtsNbr,RxBuffersNbr,TxEventsNbr,TxBuffersNbr,TxFifoQueueElmtsNbr,NominalPrescaler,NominalTimeSeg1,NominalTimeSeg2,AutoRetransmission,ProtocolException
FDCAN3.MessageRAMOffset=0x812
FDCAN3.NominalPrescaler=1
FDCAN3.NominalSyncJumpWidth=20
FDCAN3.NominalTimeSeg1=59
FDCAN3.NominalTimeSeg2=20
FDCAN3.ProtocolException=ENABLE
FDCAN3.RxBuffersNbr=2
FDCAN3.RxFifo0ElmtsNbr=8
FDCAN3.RxFifo1ElmtsNbr=8
FDCAN3.StdFiltersNbr=4
FDCAN3.TxBuffersNbr=8
FDCAN3.TxEventsNbr=8
FDCAN3.TxFifoQueueElmtsNbr=8
FREERTOS.IPParameters=Tasks01
FREERTOS.Tasks01=defaultTask,-2,128,StartDefaultTask,Default,NULL,Dynamic,NULL,NULL;CanTask,-2,512,Can_Task,As weak,NULL,Dynamic,NULL,NULL;MotionTask,3,512,Motion_Task,As weak,NULL,Dynamic,NULL,NULL
File.Version=6
GPIO.groupedBy=Group By Peripherals
KeepUserPlacement=false
MMTAppRegionsCount=0
MMTConfigApplied=false
MMTSectionSuffix=_Section
Mcu.CPN=STM32H723VGT6
Mcu.Family=STM32H7
Mcu.IP0=BDMA
Mcu.IP1=CORTEX_M7
Mcu.IP10=SPI6
Mcu.IP11=SYS
Mcu.IP12=TIM2
Mcu.IP13=TIM12
Mcu.IP14=UART5
Mcu.IP15=UART8
Mcu.IP16=USART1
Mcu.IP17=USB_DEVICE
Mcu.IP18=USB_OTG_HS
Mcu.IP2=DMA
Mcu.IP3=FDCAN1
Mcu.IP4=FDCAN2
Mcu.IP5=FDCAN3
Mcu.IP6=FREERTOS
Mcu.IP7=MEMORYMAP
Mcu.IP8=NVIC
Mcu.IP9=RCC
Mcu.IPNb=19
Mcu.Name=STM32H723VGTx
Mcu.Package=LQFP100
Mcu.Pin0=PE2
Mcu.Pin1=PC15-OSC32_OUT
Mcu.Pin10=PB13
Mcu.Pin11=PB14
Mcu.Pin12=PB15
Mcu.Pin13=PD12
Mcu.Pin14=PD13
Mcu.Pin15=PA10
Mcu.Pin16=PA11
Mcu.Pin17=PA12
Mcu.Pin18=PD0
Mcu.Pin19=PD1
Mcu.Pin2=PH0-OSC_IN
Mcu.Pin20=PD2
Mcu.Pin21=PB5
Mcu.Pin22=PB6
Mcu.Pin23=PE0
Mcu.Pin24=PE1
Mcu.Pin25=VP_FREERTOS_VS_CMSIS_V2
Mcu.Pin26=VP_SYS_VS_tim1
Mcu.Pin27=VP_TIM2_VS_ClockSourceINT
Mcu.Pin28=VP_TIM12_VS_ClockSourceINT
Mcu.Pin29=VP_USB_DEVICE_VS_USB_DEVICE_CDC_HS
Mcu.Pin3=PH1-OSC_OUT
Mcu.Pin30=VP_MEMORYMAP_VS_MEMORYMAP
Mcu.Pin4=PA0
Mcu.Pin5=PA2
Mcu.Pin6=PA5
Mcu.Pin7=PA7
Mcu.Pin8=PE9
Mcu.Pin9=PE13
Mcu.PinsNb=31
Mcu.ThirdPartyNb=0
Mcu.UserConstants=
Mcu.UserName=STM32H723VGTx
MxCube.Version=6.17.0
MxDb.Version=DB.6.0.170
NVIC.BDMA_Channel0_IRQn=true\:5\:0\:false\:false\:true\:true\:false\:true\:true
NVIC.BusFault_IRQn=true\:0\:0\:false\:false\:true\:false\:false\:false\:false
NVIC.DMA1_Stream0_IRQn=true\:5\:0\:false\:false\:true\:true\:false\:true\:true
NVIC.DMA1_Stream2_IRQn=true\:5\:0\:false\:false\:true\:false\:false\:true\:true
NVIC.DebugMonitor_IRQn=true\:0\:0\:false\:false\:true\:false\:false\:false\:false
NVIC.EXTI0_IRQn=true\:5\:0\:true\:false\:true\:true\:true\:true\:true
NVIC.EXTI15_10_IRQn=true\:5\:0\:false\:false\:true\:true\:true\:true\:true
NVIC.EXTI2_IRQn=true\:5\:0\:false\:false\:true\:true\:true\:true\:true
NVIC.EXTI9_5_IRQn=true\:5\:0\:false\:false\:true\:true\:true\:true\:true
NVIC.FDCAN1_IT0_IRQn=true\:5\:0\:false\:false\:true\:true\:true\:true\:true
NVIC.FDCAN1_IT1_IRQn=true\:5\:0\:false\:false\:true\:true\:true\:true\:true
NVIC.FDCAN2_IT0_IRQn=true\:5\:0\:false\:false\:true\:true\:true\:true\:true
NVIC.FDCAN2_IT1_IRQn=true\:5\:0\:false\:false\:true\:true\:true\:true\:true
NVIC.FDCAN3_IT0_IRQn=true\:5\:0\:false\:false\:true\:true\:true\:true\:true
NVIC.FDCAN3_IT1_IRQn=true\:5\:0\:false\:false\:true\:true\:true\:true\:true
NVIC.ForceEnableDMAVector=true
NVIC.HardFault_IRQn=true\:0\:0\:false\:false\:true\:false\:false\:false\:false
NVIC.MemoryManagement_IRQn=true\:0\:0\:false\:false\:true\:false\:false\:false\:false
NVIC.NonMaskableInt_IRQn=true\:0\:0\:false\:false\:true\:false\:false\:false\:false
NVIC.OTG_HS_IRQn=true\:5\:0\:false\:false\:true\:true\:true\:true\:true
NVIC.PendSV_IRQn=true\:15\:0\:false\:false\:false\:true\:false\:false\:false
NVIC.PriorityGroup=NVIC_PRIORITYGROUP_4
NVIC.SPI6_IRQn=true\:5\:0\:false\:false\:true\:true\:false\:true\:true
NVIC.SVCall_IRQn=true\:0\:0\:false\:false\:false\:false\:false\:false\:false
NVIC.SavedPendsvIrqHandlerGenerated=true
NVIC.SavedSvcallIrqHandlerGenerated=true
NVIC.SavedSystickIrqHandlerGenerated=true
NVIC.SysTick_IRQn=true\:15\:0\:false\:false\:false\:true\:false\:true\:false
NVIC.TIM1_UP_IRQn=true\:15\:0\:false\:false\:true\:false\:false\:true\:true
NVIC.TIM2_IRQn=true\:5\:0\:false\:false\:true\:true\:true\:true\:true
NVIC.TIM8_BRK_TIM12_IRQn=true\:5\:0\:false\:false\:true\:true\:true\:true\:true
NVIC.TimeBase=TIM1_UP_IRQn
NVIC.TimeBaseIP=TIM1
NVIC.UART5_IRQn=true\:5\:0\:false\:false\:true\:true\:true\:true\:true
NVIC.UART8_IRQn=true\:5\:0\:false\:false\:true\:true\:true\:true\:true
NVIC.USART1_IRQn=true\:5\:0\:false\:false\:true\:true\:true\:true\:true
NVIC.UsageFault_IRQn=true\:0\:0\:false\:false\:true\:false\:false\:false\:false
PA0.GPIOParameters=GPIO_PuPd,GPIO_ModeDefaultEXTI
PA0.GPIO_ModeDefaultEXTI=GPIO_MODE_IT_FALLING
PA0.GPIO_PuPd=GPIO_PULLUP
PA0.Locked=true
PA0.Signal=GPXTI0
PA10.Mode=Asynchronous
PA10.Signal=USART1_RX
PA11.Mode=Device_Only_FS
PA11.Signal=USB_OTG_HS_DM
PA12.Mode=Device_Only_FS
PA12.Signal=USB_OTG_HS_DP
PA2.GPIOParameters=GPIO_PuPd,GPIO_ModeDefaultEXTI
PA2.GPIO_ModeDefaultEXTI=GPIO_MODE_IT_FALLING
PA2.GPIO_PuPd=GPIO_PULLUP
PA2.Locked=true
PA2.Signal=GPXTI2
PA5.Mode=TX_Only_Simplex_Unidirect_Master
PA5.Signal=SPI6_SCK
PA7.Mode=TX_Only_Simplex_Unidirect_Master
PA7.Signal=SPI6_MOSI
PB13.Mode=Asynchronous
PB13.Signal=UART5_TX
PB14.Mode=Asynchronous
PB14.Signal=USART1_TX
PB15.Signal=S_TIM12_CH2
PB5.Locked=true
PB5.Mode=FDCAN_Activate
PB5.Signal=FDCAN2_RX
PB6.Locked=true
PB6.Mode=FDCAN_Activate
PB6.Signal=FDCAN2_TX
PC15-OSC32_OUT.GPIOParameters=GPIO_PuPd
PC15-OSC32_OUT.GPIO_PuPd=GPIO_PULLUP
PC15-OSC32_OUT.Locked=true
PC15-OSC32_OUT.Signal=GPIO_Output
PD0.Locked=true
PD0.Mode=FDCAN_Activate
PD0.Signal=FDCAN1_RX
PD1.Locked=true
PD1.Mode=FDCAN_Activate
PD1.Signal=FDCAN1_TX
PD12.Mode=FDCAN_Activate
PD12.Signal=FDCAN3_RX
PD13.Mode=FDCAN_Activate
PD13.Signal=FDCAN3_TX
PD2.Locked=true
PD2.Mode=Asynchronous
PD2.Signal=UART5_RX
PE0.Mode=Asynchronous
PE0.Signal=UART8_RX
PE1.Mode=Asynchronous
PE1.Signal=UART8_TX
PE13.GPIOParameters=GPIO_PuPd,GPIO_ModeDefaultEXTI
PE13.GPIO_ModeDefaultEXTI=GPIO_MODE_IT_FALLING
PE13.GPIO_PuPd=GPIO_PULLUP
PE13.Locked=true
PE13.Signal=GPXTI13
PE2.Locked=true
PE2.Signal=GPIO_Output
PE9.GPIOParameters=GPIO_PuPd,GPIO_ModeDefaultEXTI
PE9.GPIO_ModeDefaultEXTI=GPIO_MODE_IT_FALLING
PE9.GPIO_PuPd=GPIO_PULLUP
PE9.Locked=true
PE9.Signal=GPXTI9
PH0-OSC_IN.Mode=HSE-External-Oscillator
PH0-OSC_IN.Signal=RCC_OSC_IN
PH1-OSC_OUT.Mode=HSE-External-Oscillator
PH1-OSC_OUT.Signal=RCC_OSC_OUT
PinOutPanel.RotationAngle=0
ProjectManager.AskForMigrate=true
ProjectManager.BackupPrevious=false
ProjectManager.CompilerLinker=GCC
ProjectManager.CompilerOptimize=6
ProjectManager.ComputerToolchain=false
ProjectManager.CoupleFile=true
ProjectManager.CustomerFirmwarePackage=
ProjectManager.DefaultFWLocation=true
ProjectManager.DeletePrevious=true
ProjectManager.DeviceId=STM32H723VGTx
ProjectManager.FirmwarePackage=STM32Cube FW_H7 V1.13.0
ProjectManager.FreePins=false
ProjectManager.FreePinsContext=
ProjectManager.HalAssertFull=false
ProjectManager.HeapSize=0x200
ProjectManager.KeepUserCode=true
ProjectManager.LastFirmware=true
ProjectManager.LibraryCopy=1
ProjectManager.MainLocation=Core/Src
ProjectManager.NoMain=false
ProjectManager.PreviousToolchain=
ProjectManager.ProjectBuild=false
ProjectManager.ProjectFileName=volleyballR2.ioc
ProjectManager.ProjectName=volleyballR2
ProjectManager.ProjectStructure=
ProjectManager.RegisterCallBack=
ProjectManager.StackSize=0x400
ProjectManager.TargetToolchain=MDK-ARM V5.32
ProjectManager.ToolChainLocation=
ProjectManager.UAScriptAfterPath=
ProjectManager.UAScriptBeforePath=
ProjectManager.UnderRoot=false
ProjectManager.functionlistsort=1-SystemClock_Config-RCC-false-HAL-false,2-MX_GPIO_Init-GPIO-false-HAL-true,3-MX_DMA_Init-DMA-false-HAL-true,4-MX_BDMA_Init-BDMA-false-HAL-true,5-MX_FDCAN1_Init-FDCAN1-false-HAL-true,6-MX_FDCAN2_Init-FDCAN2-false-HAL-true,7-MX_FDCAN3_Init-FDCAN3-false-HAL-true,8-MX_USART1_UART_Init-USART1-false-HAL-true,9-MX_UART8_Init-UART8-false-HAL-true,10-MX_SPI6_Init-SPI6-false-HAL-true,11-MX_UART5_Init-UART5-false-HAL-true,12-MX_TIM12_Init-TIM12-false-HAL-true,13-MX_USB_DEVICE_Init-USB_DEVICE-false-HAL-false,14-MX_TIM2_Init-TIM2-false-HAL-true,0-MX_CORTEX_M7_Init-CORTEX_M7-false-HAL-true
RCC.ADCFreq_Value=48375000
RCC.AHB12Freq_Value=240000000
RCC.AHB4Freq_Value=240000000
RCC.APB1Freq_Value=120000000
RCC.APB2Freq_Value=120000000
RCC.APB3Freq_Value=120000000
RCC.APB4Freq_Value=120000000
RCC.AXIClockFreq_Value=240000000
RCC.CECFreq_Value=32000
RCC.CKPERFreq_Value=64000000
RCC.CortexFreq_Value=480000000
RCC.CpuClockFreq_Value=480000000
RCC.D1CPREFreq_Value=480000000
RCC.D1PPRE=RCC_APB3_DIV2
RCC.D2PPRE1=RCC_APB1_DIV2
RCC.D2PPRE2=RCC_APB2_DIV2
RCC.D3PPRE=RCC_APB4_DIV2
RCC.DFSDMACLkFreq_Value=80000000
RCC.DFSDMFreq_Value=120000000
RCC.DIVM1=2
RCC.DIVN1=40
RCC.DIVP1=1
RCC.DIVP1Freq_Value=480000000
RCC.DIVP2Freq_Value=48375000
RCC.DIVP3Freq_Value=48375000
RCC.DIVQ1=6
RCC.DIVQ1Freq_Value=80000000
RCC.DIVQ2Freq_Value=48375000
RCC.DIVQ3Freq_Value=48375000
RCC.DIVR1Freq_Value=240000000
RCC.DIVR2Freq_Value=48375000
RCC.DIVR3Freq_Value=48375000
RCC.FDCANFreq_Value=80000000
RCC.FMCFreq_Value=240000000
RCC.FamilyName=M
RCC.HCLK3ClockFreq_Value=240000000
RCC.HCLKFreq_Value=240000000
RCC.HPRE=RCC_HCLK_DIV2
RCC.HSE_VALUE=24000000
RCC.I2C123Freq_Value=120000000
RCC.I2C4Freq_Value=120000000
RCC.IPParameters=ADCFreq_Value,AHB12Freq_Value,AHB4Freq_Value,APB1Freq_Value,APB2Freq_Value,APB3Freq_Value,APB4Freq_Value,AXIClockFreq_Value,CECFreq_Value,CKPERFreq_Value,CortexFreq_Value,CpuClockFreq_Value,D1CPREFreq_Value,D1PPRE,D2PPRE1,D2PPRE2,D3PPRE,DFSDMACLkFreq_Value,DFSDMFreq_Value,DIVM1,DIVN1,DIVP1,DIVP1Freq_Value,DIVP2Freq_Value,DIVP3Freq_Value,DIVQ1,DIVQ1Freq_Value,DIVQ2Freq_Value,DIVQ3Freq_Value,DIVR1Freq_Value,DIVR2Freq_Value,DIVR3Freq_Value,FDCANFreq_Value,FMCFreq_Value,FamilyName,HCLK3ClockFreq_Value,HCLKFreq_Value,HPRE,HSE_VALUE,I2C123Freq_Value,I2C4Freq_Value,LPTIM1Freq_Value,LPTIM2Freq_Value,LPTIM345Freq_Value,LPUART1Freq_Value,LTDCFreq_Value,MCO1PinFreq_Value,MCO2PinFreq_Value,PLL2FRACN,PLL3FRACN,PLLFRACN,PLLSourceVirtual,QSPIFreq_Value,RNGFreq_Value,RTCFreq_Value,SAI1Freq_Value,SAI4AFreq_Value,SAI4BFreq_Value,SDMMCFreq_Value,SPDIFRXFreq_Value,SPI123Freq_Value,SPI45Freq_Value,SPI6CLockSelection,SPI6Freq_Value,SWPMI1Freq_Value,SYSCLKFreq_VALUE,SYSCLKSource,Tim1OutputFreq_Value,Tim2OutputFreq_Value,TraceFreq_Value,USART16Freq_Value,USART234578Freq_Value,USBCLockSelection,USBFreq_Value,VCO1OutputFreq_Value,VCO2OutputFreq_Value,VCO3OutputFreq_Value,VCOInput1Freq_Value,VCOInput2Freq_Value,VCOInput3Freq_Value
RCC.LPTIM1Freq_Value=120000000
RCC.LPTIM2Freq_Value=120000000
RCC.LPTIM345Freq_Value=120000000
RCC.LPUART1Freq_Value=120000000
RCC.LTDCFreq_Value=48375000
RCC.MCO1PinFreq_Value=64000000
RCC.MCO2PinFreq_Value=480000000
RCC.PLL2FRACN=0
RCC.PLL3FRACN=0
RCC.PLLFRACN=0
RCC.PLLSourceVirtual=RCC_PLLSOURCE_HSE
RCC.QSPIFreq_Value=240000000
RCC.RNGFreq_Value=48000000
RCC.RTCFreq_Value=32000
RCC.SAI1Freq_Value=80000000
RCC.SAI4AFreq_Value=80000000
RCC.SAI4BFreq_Value=80000000
RCC.SDMMCFreq_Value=80000000
RCC.SPDIFRXFreq_Value=80000000
RCC.SPI123Freq_Value=80000000
RCC.SPI45Freq_Value=120000000
RCC.SPI6CLockSelection=RCC_SPI6CLKSOURCE_HSE
RCC.SPI6Freq_Value=24000000
RCC.SWPMI1Freq_Value=120000000
RCC.SYSCLKFreq_VALUE=480000000
RCC.SYSCLKSource=RCC_SYSCLKSOURCE_PLLCLK
RCC.Tim1OutputFreq_Value=240000000
RCC.Tim2OutputFreq_Value=240000000
RCC.TraceFreq_Value=64000000
RCC.USART16Freq_Value=120000000
RCC.USART234578Freq_Value=120000000
RCC.USBCLockSelection=RCC_USBCLKSOURCE_HSI48
RCC.USBFreq_Value=48000000
RCC.VCO1OutputFreq_Value=480000000
RCC.VCO2OutputFreq_Value=96750000
RCC.VCO3OutputFreq_Value=96750000
RCC.VCOInput1Freq_Value=12000000
RCC.VCOInput2Freq_Value=750000
RCC.VCOInput3Freq_Value=750000
SH.GPXTI0.0=GPIO_EXTI0
SH.GPXTI0.ConfNb=1
SH.GPXTI13.0=GPIO_EXTI13
SH.GPXTI13.ConfNb=1
SH.GPXTI2.0=GPIO_EXTI2
SH.GPXTI2.ConfNb=1
SH.GPXTI9.0=GPIO_EXTI9
SH.GPXTI9.ConfNb=1
SH.S_TIM12_CH2.0=TIM12_CH2,PWM Generation2 CH2
SH.S_TIM12_CH2.ConfNb=1
SPI6.BaudRatePrescaler=SPI_BAUDRATEPRESCALER_4
SPI6.CLKPhase=SPI_PHASE_2EDGE
SPI6.CalculateBaudRate=6.0 MBits/s
SPI6.DataSize=SPI_DATASIZE_8BIT
SPI6.Direction=SPI_DIRECTION_2LINES_TXONLY
SPI6.IPParameters=VirtualType,Mode,Direction,CalculateBaudRate,DataSize,CLKPhase,BaudRatePrescaler
SPI6.Mode=SPI_MODE_MASTER
SPI6.VirtualType=VM_MASTER
TIM12.Channel-PWM\ Generation2\ CH2=TIM_CHANNEL_2
TIM12.IPParameters=Prescaler,Channel-PWM Generation2 CH2
TIM12.Prescaler=240-1
TIM2.IPParameters=Prescaler,Period
TIM2.Period=1000-1
TIM2.Prescaler=480-1
UART5.BaudRate=100000
UART5.IPParameters=BaudRate,WordLength,Parity,StopBits
UART5.Parity=PARITY_EVEN
UART5.StopBits=UART_STOPBITS_2
UART5.WordLength=WORDLENGTH_9B
USART1.BaudRate=115200
USART1.IPParameters=VirtualMode-Asynchronous,BaudRate,WordLength,StopBits
USART1.StopBits=STOPBITS_2
USART1.VirtualMode-Asynchronous=VM_ASYNC
USART1.WordLength=WORDLENGTH_8B
USB_DEVICE.CLASS_NAME_HS=CDC
USB_DEVICE.IPParameters=VirtualMode,VirtualModeHS,CLASS_NAME_HS
USB_DEVICE.VirtualMode=Cdc
USB_DEVICE.VirtualModeHS=Cdc_HS
USB_OTG_HS.IPParameters=VirtualMode-Device_Only_FS
USB_OTG_HS.VirtualMode-Device_Only_FS=Device_Only_FS
VP_FREERTOS_VS_CMSIS_V2.Mode=CMSIS_V2
VP_FREERTOS_VS_CMSIS_V2.Signal=FREERTOS_VS_CMSIS_V2
VP_MEMORYMAP_VS_MEMORYMAP.Mode=CurAppReg
VP_MEMORYMAP_VS_MEMORYMAP.Signal=MEMORYMAP_VS_MEMORYMAP
VP_SYS_VS_tim1.Mode=TIM1
VP_SYS_VS_tim1.Signal=SYS_VS_tim1
VP_TIM12_VS_ClockSourceINT.Mode=Internal
VP_TIM12_VS_ClockSourceINT.Signal=TIM12_VS_ClockSourceINT
VP_TIM2_VS_ClockSourceINT.Mode=Internal
VP_TIM2_VS_ClockSourceINT.Signal=TIM2_VS_ClockSourceINT
VP_USB_DEVICE_VS_USB_DEVICE_CDC_HS.Mode=CDC_HS
VP_USB_DEVICE_VS_USB_DEVICE_CDC_HS.Signal=USB_DEVICE_VS_USB_DEVICE_CDC_HS
board=custom
rtos.0.ip=FREERTOS
